
Microsoft Visual Studio Solution File, Format Version 12.00
# Visual Studio Version 16
VisualStudioVersion = 16.0.31702.278
MinimumVisualStudioVersion = 10.0.40219.1
Project("{8BC9CEB8-8B4A-11D0-8D11-00A0C91BC942}") = "Client", "Client\Client.vcxproj", "{4BB23F06-9021-40F4-A951-8143356CD2A4}"
EndProject
Project("{8BC9CEB8-8B4A-11D0-8D11-00A0C91BC942}") = "Server", "Server\Server.vcxproj", "{4984003F-57FB-4931-847A-49A7893EC097}"
EndProject
Project("{8BC9CEB8-8B4A-11D0-8D11-00A0C91BC942}") = "Single", "Single\Single.vcxproj", "{5284F008-68EB-430C-8F3B-29F743763B67}"
EndProject
Global
	GlobalSection(SolutionConfigurationPlatforms) = preSolution
		Debug|x64 = Debug|x64
		Debug|x86 = Debug|x86
		Release|x64 = Release|x64
		Release|x86 = Release|x86
	EndGlobalSection
	GlobalSection(ProjectConfigurationPlatforms) = postSolution
		{4BB23F06-9021-40F4-A951-8143356CD2A4}.Debug|x64.ActiveCfg = Debug|x64
		{4BB23F06-9021-40F4-A951-8143356CD2A4}.Debug|x64.Build.0 = Debug|x64
		{4BB23F06-9021-40F4-A951-8143356CD2A4}.Debug|x86.ActiveCfg = Debug|Win32
		{4BB23F06-9021-40F4-A951-8143356CD2A4}.Debug|x86.Build.0 = Debug|Win32
		{4BB23F06-9021-40F4-A951-8143356CD2A4}.Release|x64.ActiveCfg = Release|x64
		{4BB23F06-9021-40F4-A951-8143356CD2A4}.Release|x64.Build.0 = Release|x64
		{4BB23F06-9021-40F4-A951-8143356CD2A4}.Release|x86.ActiveCfg = Release|Win32
		{4BB23F06-9021-40F4-A951-8143356CD2A4}.Release|x86.Build.0 = Release|Win32
		{4984003F-57FB-4931-847A-49A7893EC097}.Debug|x64.ActiveCfg = Debug|x64
		{4984003F-57FB-4931-847A-49A7893EC097}.Debug|x64.Build.0 = Debug|x64
		{4984003F-57FB-4931-847A-49A7893EC097}.Debug|x86.ActiveCfg = Debug|Win32
		{4984003F-57FB-4931-847A-49A7893EC097}.Debug|x86.Build.0 = Debug|Win32
		{4984003F-57FB-4931-847A-49A7893EC097}.Release|x64.ActiveCfg = Release|x64
		{4984003F-57FB-4931-847A-49A7893EC097}.Release|x64.Build.0 = Release|x64
		{4984003F-57FB-4931-847A-49A7893EC097}.Release|x86.ActiveCfg = Release|Win32
		{4984003F-57FB-4931-847A-49A7893EC097}.Release|x86.Build.0 = Release|Win32
		{5284F008-68EB-430C-8F3B-29F743763B67}.Debug|x64.ActiveCfg = Debug|x64
		{5284F008-68EB-430C-8F3B-29F743763B67}.Debug|x64.Build.0 = Debug|x64
		{5284F008-68EB-430C-8F3B-29F743763B67}.Debug|x86.ActiveCfg = Debug|Win32
		{5284F008-68EB-430C-8F3B-29F743763B67}.Debug|x86.Build.0 = Debug|Win32
		{5284F008-68EB-430C-8F3B-29F743763B67}.Release|x64.ActiveCfg = Release|x64
		{5284F008-68EB-430C-8F3B-29F743763B67}.Release|x64.Build.0 = Release|x64
		{5284F008-68EB-430C-8F3B-29F743763B67}.Release|x86.ActiveCfg = Release|Win32
		{5284F008-68EB-430C-8F3B-29F743763B67}.Release|x86.Build.0 = Release|Win32
	EndGlobalSection
	GlobalSection(SolutionProperties) = preSolution
		HideSolutionNode = FALSE
	EndGlobalSection
	GlobalSection(ExtensibilityGlobals) = postSolution
		SolutionGuid = {77A14045-790B-48BF-9037-983AD5B68FBE}
	EndGlobalSection
EndGlobal
